
Microsoft Visual Studio Solution File, Format Version 12.00
# Visual Studio Version 17
VisualStudioVersion = 17.13.35931.197
MinimumVisualStudioVersion = 10.0.40219.1
Project("{2150E333-8FDC-42A3-9474-1A3956D46DE8}") = "Services", "Services", "{02EA681E-C7D8-13C7-8484-4AC65E1B71E8}"
EndProject
Project("{2150E333-8FDC-42A3-9474-1A3956D46DE8}") = "Product", "Product", "{9CCC551A-8ECE-4339-8802-CEFF1B86A527}"
EndProject
Project("{2150E333-8FDC-42A3-9474-1A3956D46DE8}") = "Core", "Core", "{4097AA9B-F134-498D-BBA3-3B258B97257B}"
EndProject
Project("{2150E333-8FDC-42A3-9474-1A3956D46DE8}") = "Infrastructure", "Infrastructure", "{D39EA36E-EF19-4AF2-8F11-FDD4357387AD}"
EndProject
Project("{2150E333-8FDC-42A3-9474-1A3956D46DE8}") = "Presentation", "Presentation", "{F960F177-39F9-4804-9CD7-8B45973D4756}"
EndProject
Project("{FAE04EC0-301F-11D3-BF4B-00C04F79EFBC}") = "Inventa.Product.Domain", "Services\Product\Core\Inventa.Product.Domain\Inventa.Product.Domain.csproj", "{3E8245CF-7962-4079-BDBC-047E4A0DB6DD}"
EndProject
Project("{FAE04EC0-301F-11D3-BF4B-00C04F79EFBC}") = "Inventa.Product.Application", "Services\Product\Core\Inventa.Product.Application\Inventa.Product.Application.csproj", "{BA7969C9-EE1A-4820-A044-9D2DCB7D1F35}"
EndProject
Project("{FAE04EC0-301F-11D3-BF4B-00C04F79EFBC}") = "Inventa.Product.Persistence", "Services\Product\Infrastructure\Inventa.Product.Persistence\Inventa.Product.Persistence.csproj", "{FAF3E112-D28B-4072-93B3-2814795488F7}"
EndProject
Project("{FAE04EC0-301F-11D3-BF4B-00C04F79EFBC}") = "Inventa.Product.WebAPI", "Services\Product\Presentation\Inventa.Product.WebAPI\Inventa.Product.WebAPI.csproj", "{875F721B-4C78-490E-ACFB-B05C28A8DFA6}"
EndProject
Project("{2150E333-8FDC-42A3-9474-1A3956D46DE8}") = "IdentityServer", "IdentityServer", "{27A733F0-CFAD-4331-9FD3-F32DA792DCBA}"
EndProject
Project("{FAE04EC0-301F-11D3-BF4B-00C04F79EFBC}") = "Inventa.IdentityServer", "IdentityServer\Inventa.IdentityServer\Inventa.IdentityServer.csproj", "{C2FDD73F-4079-5D81-4C2C-5F66F6EDDFE9}"
EndProject
Project("{2150E333-8FDC-42A3-9474-1A3956D46DE8}") = "Order", "Order", "{81C01D40-7D32-47A9-A7C1-400FEAAF8330}"
EndProject
Project("{2150E333-8FDC-42A3-9474-1A3956D46DE8}") = "Core", "Core", "{4DA90E5D-5E86-4D98-9B10-DE6469D30C83}"
EndProject
Project("{2150E333-8FDC-42A3-9474-1A3956D46DE8}") = "Infrastructure", "Infrastructure", "{4A1CF1A2-1EF0-4639-880D-88EAC04611F1}"
EndProject
Project("{2150E333-8FDC-42A3-9474-1A3956D46DE8}") = "Presentation", "Presentation", "{BA901D78-45E0-458C-BFC4-305C10CEB237}"
EndProject
Project("{FAE04EC0-301F-11D3-BF4B-00C04F79EFBC}") = "Inventa.Order.Application", "Services\Order\Core\Inventa.Order.Application\Inventa.Order.Application.csproj", "{D1BB2DE5-5417-4438-AF6F-557FFD510D90}"
EndProject
Project("{FAE04EC0-301F-11D3-BF4B-00C04F79EFBC}") = "Inventa.Order.Domain", "Services\Order\Core\Inventa.Order.Domain\Inventa.Order.Domain.csproj", "{5B080030-B000-42E2-848A-E9FDB6E33370}"
EndProject
Project("{FAE04EC0-301F-11D3-BF4B-00C04F79EFBC}") = "Inventa.Order.Persistence", "Services\Order\Infrastructure\Inventa.Order.Persistence\Inventa.Order.Persistence.csproj", "{8C226E3F-B7D0-40BD-BB5C-EAE57277589E}"
EndProject
Project("{FAE04EC0-301F-11D3-BF4B-00C04F79EFBC}") = "Inventa.Order.WebAPI", "Services\Order\Presentation\Inventa.Order.WebAPI\Inventa.Order.WebAPI.csproj", "{6CADC7BC-C763-4C66-819B-412469DA10EA}"
EndProject
Global
	GlobalSection(SolutionConfigurationPlatforms) = preSolution
		Debug|Any CPU = Debug|Any CPU
		Release|Any CPU = Release|Any CPU
	EndGlobalSection
	GlobalSection(ProjectConfigurationPlatforms) = postSolution
		{3E8245CF-7962-4079-BDBC-047E4A0DB6DD}.Debug|Any CPU.ActiveCfg = Debug|Any CPU
		{3E8245CF-7962-4079-BDBC-047E4A0DB6DD}.Debug|Any CPU.Build.0 = Debug|Any CPU
		{3E8245CF-7962-4079-BDBC-047E4A0DB6DD}.Release|Any CPU.ActiveCfg = Release|Any CPU
		{3E8245CF-7962-4079-BDBC-047E4A0DB6DD}.Release|Any CPU.Build.0 = Release|Any CPU
		{BA7969C9-EE1A-4820-A044-9D2DCB7D1F35}.Debug|Any CPU.ActiveCfg = Debug|Any CPU
		{BA7969C9-EE1A-4820-A044-9D2DCB7D1F35}.Debug|Any CPU.Build.0 = Debug|Any CPU
		{BA7969C9-EE1A-4820-A044-9D2DCB7D1F35}.Release|Any CPU.ActiveCfg = Release|Any CPU
		{BA7969C9-EE1A-4820-A044-9D2DCB7D1F35}.Release|Any CPU.Build.0 = Release|Any CPU
		{FAF3E112-D28B-4072-93B3-2814795488F7}.Debug|Any CPU.ActiveCfg = Debug|Any CPU
		{FAF3E112-D28B-4072-93B3-2814795488F7}.Debug|Any CPU.Build.0 = Debug|Any CPU
		{FAF3E112-D28B-4072-93B3-2814795488F7}.Release|Any CPU.ActiveCfg = Release|Any CPU
		{FAF3E112-D28B-4072-93B3-2814795488F7}.Release|Any CPU.Build.0 = Release|Any CPU
		{875F721B-4C78-490E-ACFB-B05C28A8DFA6}.Debug|Any CPU.ActiveCfg = Debug|Any CPU
		{875F721B-4C78-490E-ACFB-B05C28A8DFA6}.Debug|Any CPU.Build.0 = Debug|Any CPU
		{875F721B-4C78-490E-ACFB-B05C28A8DFA6}.Release|Any CPU.ActiveCfg = Release|Any CPU
		{875F721B-4C78-490E-ACFB-B05C28A8DFA6}.Release|Any CPU.Build.0 = Release|Any CPU
		{C2FDD73F-4079-5D81-4C2C-5F66F6EDDFE9}.Debug|Any CPU.ActiveCfg = Debug|Any CPU
		{C2FDD73F-4079-5D81-4C2C-5F66F6EDDFE9}.Debug|Any CPU.Build.0 = Debug|Any CPU
		{C2FDD73F-4079-5D81-4C2C-5F66F6EDDFE9}.Release|Any CPU.ActiveCfg = Release|Any CPU
		{C2FDD73F-4079-5D81-4C2C-5F66F6EDDFE9}.Release|Any CPU.Build.0 = Release|Any CPU
		{D1BB2DE5-5417-4438-AF6F-557FFD510D90}.Debug|Any CPU.ActiveCfg = Debug|Any CPU
		{D1BB2DE5-5417-4438-AF6F-557FFD510D90}.Debug|Any CPU.Build.0 = Debug|Any CPU
		{D1BB2DE5-5417-4438-AF6F-557FFD510D90}.Release|Any CPU.ActiveCfg = Release|Any CPU
		{D1BB2DE5-5417-4438-AF6F-557FFD510D90}.Release|Any CPU.Build.0 = Release|Any CPU
		{5B080030-B000-42E2-848A-E9FDB6E33370}.Debug|Any CPU.ActiveCfg = Debug|Any CPU
		{5B080030-B000-42E2-848A-E9FDB6E33370}.Debug|Any CPU.Build.0 = Debug|Any CPU
		{5B080030-B000-42E2-848A-E9FDB6E33370}.Release|Any CPU.ActiveCfg = Release|Any CPU
		{5B080030-B000-42E2-848A-E9FDB6E33370}.Release|Any CPU.Build.0 = Release|Any CPU
		{8C226E3F-B7D0-40BD-BB5C-EAE57277589E}.Debug|Any CPU.ActiveCfg = Debug|Any CPU
		{8C226E3F-B7D0-40BD-BB5C-EAE57277589E}.Debug|Any CPU.Build.0 = Debug|Any CPU
		{8C226E3F-B7D0-40BD-BB5C-EAE57277589E}.Release|Any CPU.ActiveCfg = Release|Any CPU
		{8C226E3F-B7D0-40BD-BB5C-EAE57277589E}.Release|Any CPU.Build.0 = Release|Any CPU
		{6CADC7BC-C763-4C66-819B-412469DA10EA}.Debug|Any CPU.ActiveCfg = Debug|Any CPU
		{6CADC7BC-C763-4C66-819B-412469DA10EA}.Debug|Any CPU.Build.0 = Debug|Any CPU
		{6CADC7BC-C763-4C66-819B-412469DA10EA}.Release|Any CPU.ActiveCfg = Release|Any CPU
		{6CADC7BC-C763-4C66-819B-412469DA10EA}.Release|Any CPU.Build.0 = Release|Any CPU
	EndGlobalSection
	GlobalSection(SolutionProperties) = preSolution
		HideSolutionNode = FALSE
	EndGlobalSection
	GlobalSection(NestedProjects) = preSolution
		{9CCC551A-8ECE-4339-8802-CEFF1B86A527} = {02EA681E-C7D8-13C7-8484-4AC65E1B71E8}
		{4097AA9B-F134-498D-BBA3-3B258B97257B} = {9CCC551A-8ECE-4339-8802-CEFF1B86A527}
		{D39EA36E-EF19-4AF2-8F11-FDD4357387AD} = {9CCC551A-8ECE-4339-8802-CEFF1B86A527}
		{F960F177-39F9-4804-9CD7-8B45973D4756} = {9CCC551A-8ECE-4339-8802-CEFF1B86A527}
		{3E8245CF-7962-4079-BDBC-047E4A0DB6DD} = {4097AA9B-F134-498D-BBA3-3B258B97257B}
		{BA7969C9-EE1A-4820-A044-9D2DCB7D1F35} = {4097AA9B-F134-498D-BBA3-3B258B97257B}
		{FAF3E112-D28B-4072-93B3-2814795488F7} = {D39EA36E-EF19-4AF2-8F11-FDD4357387AD}
		{875F721B-4C78-490E-ACFB-B05C28A8DFA6} = {F960F177-39F9-4804-9CD7-8B45973D4756}
		{C2FDD73F-4079-5D81-4C2C-5F66F6EDDFE9} = {27A733F0-CFAD-4331-9FD3-F32DA792DCBA}
		{81C01D40-7D32-47A9-A7C1-400FEAAF8330} = {02EA681E-C7D8-13C7-8484-4AC65E1B71E8}
		{4DA90E5D-5E86-4D98-9B10-DE6469D30C83} = {81C01D40-7D32-47A9-A7C1-400FEAAF8330}
		{4A1CF1A2-1EF0-4639-880D-88EAC04611F1} = {81C01D40-7D32-47A9-A7C1-400FEAAF8330}
		{BA901D78-45E0-458C-BFC4-305C10CEB237} = {81C01D40-7D32-47A9-A7C1-400FEAAF8330}
		{D1BB2DE5-5417-4438-AF6F-557FFD510D90} = {4DA90E5D-5E86-4D98-9B10-DE6469D30C83}
		{5B080030-B000-42E2-848A-E9FDB6E33370} = {4DA90E5D-5E86-4D98-9B10-DE6469D30C83}
		{8C226E3F-B7D0-40BD-BB5C-EAE57277589E} = {4A1CF1A2-1EF0-4639-880D-88EAC04611F1}
		{6CADC7BC-C763-4C66-819B-412469DA10EA} = {BA901D78-45E0-458C-BFC4-305C10CEB237}
	EndGlobalSection
	GlobalSection(ExtensibilityGlobals) = postSolution
		SolutionGuid = {DDC75AB4-8D19-4288-8C73-B4B66CCFFA8E}
	EndGlobalSection
EndGlobal
